
Microsoft Visual Studio Solution File, Format Version 12.00
# Visual Studio Version 17
VisualStudioVersion = 17.8.34525.116
MinimumVisualStudioVersion = 10.0.40219.1
Project("{FAE04EC0-301F-11D3-BF4B-00C04F79EFBC}") = "ChuniControllerTestToolGUI", "ChuniControllerTestToolGUI\ChuniControllerTestToolGUI.csproj", "{AEA95313-DC3A-434A-AEAF-B932171B8A3D}"
EndProject
Global
	GlobalSection(SolutionConfigurationPlatforms) = preSolution
		Debug|Any CPU = Debug|Any CPU
		Debug|x64 = Debug|x64
		Debug|x86 = Debug|x86
		Release|Any CPU = Release|Any CPU
		Release|x64 = Release|x64
		Release|x86 = Release|x86
	EndGlobalSection
	GlobalSection(ProjectConfigurationPlatforms) = postSolution
		{AEA95313-DC3A-434A-AEAF-B932171B8A3D}.Debug|Any CPU.ActiveCfg = Debug|Any CPU
		{AEA95313-DC3A-434A-AEAF-B932171B8A3D}.Debug|Any CPU.Build.0 = Debug|Any CPU
		{AEA95313-DC3A-434A-AEAF-B932171B8A3D}.Debug|x64.ActiveCfg = Debug|Any CPU
		{AEA95313-DC3A-434A-AEAF-B932171B8A3D}.Debug|x64.Build.0 = Debug|Any CPU
		{AEA95313-DC3A-434A-AEAF-B932171B8A3D}.Debug|x86.ActiveCfg = Debug|Any CPU
		{AEA95313-DC3A-434A-AEAF-B932171B8A3D}.Debug|x86.Build.0 = Debug|Any CPU
		{AEA95313-DC3A-434A-AEAF-B932171B8A3D}.Release|Any CPU.ActiveCfg = Release|Any CPU
		{AEA95313-DC3A-434A-AEAF-B932171B8A3D}.Release|Any CPU.Build.0 = Release|Any CPU
		{AEA95313-DC3A-434A-AEAF-B932171B8A3D}.Release|x64.ActiveCfg = Release|Any CPU
		{AEA95313-DC3A-434A-AEAF-B932171B8A3D}.Release|x64.Build.0 = Release|Any CPU
		{AEA95313-DC3A-434A-AEAF-B932171B8A3D}.Release|x86.ActiveCfg = Release|Any CPU
		{AEA95313-DC3A-434A-AEAF-B932171B8A3D}.Release|x86.Build.0 = Release|Any CPU
	EndGlobalSection
	GlobalSection(SolutionProperties) = preSolution
		HideSolutionNode = FALSE
	EndGlobalSection
	GlobalSection(ExtensibilityGlobals) = postSolution
		SolutionGuid = {9B7A3E36-442C-441F-9E60-A2985921FE40}
	EndGlobalSection
EndGlobal
